// !$*UTF8*$!
{
	archiveVersion = 1;
	classes = {
	};
	objectVersion = 55;
	objects = {

/* Begin PBXBuildFile section */
		1044416C28F80F8D006950FB /* AppDelegate.swift in Sources */ = {isa = PBXBuildFile; fileRef = 1044416B28F80F8D006950FB /* AppDelegate.swift */; };
		1044416E28F80F8D006950FB /* SceneDelegate.swift in Sources */ = {isa = PBXBuildFile; fileRef = 1044416D28F80F8D006950FB /* SceneDelegate.swift */; };
		1044417028F80F8D006950FB /* ViewController.swift in Sources */ = {isa = PBXBuildFile; fileRef = 1044416F28F80F8D006950FB /* ViewController.swift */; };
		1044417328F80F8D006950FB /* Main.storyboard in Resources */ = {isa = PBXBuildFile; fileRef = 1044417128F80F8D006950FB /* Main.storyboard */; };
		1044417528F80F8E006950FB /* Assets.xcassets in Resources */ = {isa = PBXBuildFile; fileRef = 1044417428F80F8E006950FB /* Assets.xcassets */; };
		1044417828F80F8E006950FB /* LaunchScreen.storyboard in Resources */ = {isa = PBXBuildFile; fileRef = 1044417628F80F8E006950FB /* LaunchScreen.storyboard */; };
		1044418228F83E29006950FB /* ReminderListViewController.swift in Sources */ = {isa = PBXBuildFile; fileRef = 1044418128F83E28006950FB /* ReminderListViewController.swift */; };
		1044418928F83E9F006950FB /* ListViewController+DataSource.swift in Sources */ = {isa = PBXBuildFile; fileRef = 1044418828F83E9F006950FB /* ListViewController+DataSource.swift */; };
		1044418B28F83F6F006950FB /* Date+Today.swift in Sources */ = {isa = PBXBuildFile; fileRef = 1044418A28F83F6F006950FB /* Date+Today.swift */; };
		1044418E28F83F80006950FB /* Reminder.swift in Sources */ = {isa = PBXBuildFile; fileRef = 1044418C28F83F80006950FB /* Reminder.swift */; };
		1044418F28F83F80006950FB /* UIColor+Today.swift in Sources */ = {isa = PBXBuildFile; fileRef = 1044418D28F83F80006950FB /* UIColor+Today.swift */; };
		1044419228F84F16006950FB /* ReminderDoneButton.swift in Sources */ = {isa = PBXBuildFile; fileRef = 1044419128F84F16006950FB /* ReminderDoneButton.swift */; };
		1044419428F84F9B006950FB /* ReminderListViewController+Actions.swift in Sources */ = {isa = PBXBuildFile; fileRef = 1044419328F84F9B006950FB /* ReminderListViewController+Actions.swift */; };
/* End PBXBuildFile section */

/* Begin PBXFileReference section */
		1044416828F80F8D006950FB /* Today.app */ = {isa = PBXFileReference; explicitFileType = wrapper.application; includeInIndex = 0; path = Today.app; sourceTree = BUILT_PRODUCTS_DIR; };
		1044416B28F80F8D006950FB /* AppDelegate.swift */ = {isa = PBXFileReference; lastKnownFileType = sourcecode.swift; path = AppDelegate.swift; sourceTree = "<group>"; };
		1044416D28F80F8D006950FB /* SceneDelegate.swift */ = {isa = PBXFileReference; lastKnownFileType = sourcecode.swift; path = SceneDelegate.swift; sourceTree = "<group>"; };
		1044416F28F80F8D006950FB /* ViewController.swift */ = {isa = PBXFileReference; lastKnownFileType = sourcecode.swift; path = ViewController.swift; sourceTree = "<group>"; };
		1044417228F80F8D006950FB /* Base */ = {isa = PBXFileReference; lastKnownFileType = file.storyboard; name = Base; path = Base.lproj/Main.storyboard; sourceTree = "<group>"; };
		1044417428F80F8E006950FB /* Assets.xcassets */ = {isa = PBXFileReference; lastKnownFileType = folder.assetcatalog; path = Assets.xcassets; sourceTree = "<group>"; };
		1044417728F80F8E006950FB /* Base */ = {isa = PBXFileReference; lastKnownFileType = file.storyboard; name = Base; path = Base.lproj/LaunchScreen.storyboard; sourceTree = "<group>"; };
		1044417928F80F8E006950FB /* Info.plist */ = {isa = PBXFileReference; lastKnownFileType = text.plist.xml; path = Info.plist; sourceTree = "<group>"; };
		1044418128F83E28006950FB /* ReminderListViewController.swift */ = {isa = PBXFileReference; fileEncoding = 4; lastKnownFileType = sourcecode.swift; path = ReminderListViewController.swift; sourceTree = "<group>"; };
		1044418828F83E9F006950FB /* ListViewController+DataSource.swift */ = {isa = PBXFileReference; lastKnownFileType = sourcecode.swift; path = "ListViewController+DataSource.swift"; sourceTree = "<group>"; };
		1044418A28F83F6F006950FB /* Date+Today.swift */ = {isa = PBXFileReference; lastKnownFileType = sourcecode.swift; path = "Date+Today.swift"; sourceTree = "<group>"; };
		1044418C28F83F80006950FB /* Reminder.swift */ = {isa = PBXFileReference; fileEncoding = 4; lastKnownFileType = sourcecode.swift; path = Reminder.swift; sourceTree = "<group>"; };
		1044418D28F83F80006950FB /* UIColor+Today.swift */ = {isa = PBXFileReference; fileEncoding = 4; lastKnownFileType = sourcecode.swift; path = "UIColor+Today.swift"; sourceTree = "<group>"; };
		1044419128F84F16006950FB /* ReminderDoneButton.swift */ = {isa = PBXFileReference; lastKnownFileType = sourcecode.swift; path = ReminderDoneButton.swift; sourceTree = "<group>"; };
		1044419328F84F9B006950FB /* ReminderListViewController+Actions.swift */ = {isa = PBXFileReference; lastKnownFileType = sourcecode.swift; path = "ReminderListViewController+Actions.swift"; sourceTree = "<group>"; };
/* End PBXFileReference section */

/* Begin PBXFrameworksBuildPhase section */
		1044416528F80F8D006950FB /* Frameworks */ = {
			isa = PBXFrameworksBuildPhase;
			buildActionMask = 2147483647;
			files = (
			);
			runOnlyForDeploymentPostprocessing = 0;
		};
/* End PBXFrameworksBuildPhase section */

/* Begin PBXGroup section */
		1044415F28F80F8D006950FB = {
			isa = PBXGroup;
			children = (
				1044416A28F80F8D006950FB /* Today */,
				1044416928F80F8D006950FB /* Products */,
			);
			sourceTree = "<group>";
		};
		1044416928F80F8D006950FB /* Products */ = {
			isa = PBXGroup;
			children = (
				1044416828F80F8D006950FB /* Today.app */,
			);
			name = Products;
			sourceTree = "<group>";
		};
		1044416A28F80F8D006950FB /* Today */ = {
			isa = PBXGroup;
			children = (
				1044416B28F80F8D006950FB /* AppDelegate.swift */,
				1044416D28F80F8D006950FB /* SceneDelegate.swift */,
				1044416F28F80F8D006950FB /* ViewController.swift */,
				1044419028F83F89006950FB /* Models */,
				1044418328F83E3F006950FB /* ListViewController */,
				1044419128F84F16006950FB /* ReminderDoneButton.swift */,
				1044417128F80F8D006950FB /* Main.storyboard */,
				1044417428F80F8E006950FB /* Assets.xcassets */,
				1044417628F80F8E006950FB /* LaunchScreen.storyboard */,
				1044417928F80F8E006950FB /* Info.plist */,
			);
			path = Today;
			sourceTree = "<group>";
		};
		1044418328F83E3F006950FB /* ListViewController */ = {
			isa = PBXGroup;
			children = (
				1044418128F83E28006950FB /* ReminderListViewController.swift */,
				1044418828F83E9F006950FB /* ListViewController+DataSource.swift */,
				1044419328F84F9B006950FB /* ReminderListViewController+Actions.swift */,
			);
			path = ListViewController;
			sourceTree = "<group>";
		};
		1044419028F83F89006950FB /* Models */ = {
			isa = PBXGroup;
			children = (
				1044418A28F83F6F006950FB /* Date+Today.swift */,
				1044418C28F83F80006950FB /* Reminder.swift */,
				1044418D28F83F80006950FB /* UIColor+Today.swift */,
			);
			path = Models;
			sourceTree = "<group>";
		};
/* End PBXGroup section */

/* Begin PBXNativeTarget section */
		1044416728F80F8D006950FB /* Today */ = {
			isa = PBXNativeTarget;
			buildConfigurationList = 1044417C28F80F8E006950FB /* Build configuration list for PBXNativeTarget "Today" */;
			buildPhases = (
				1044416428F80F8D006950FB /* Sources */,
				1044416528F80F8D006950FB /* Frameworks */,
				1044416628F80F8D006950FB /* Resources */,
			);
			buildRules = (
			);
			dependencies = (
			);
			name = Today;
			productName = Today;
			productReference = 1044416828F80F8D006950FB /* Today.app */;
			productType = "com.apple.product-type.application";
		};
/* End PBXNativeTarget section */

/* Begin PBXProject section */
		1044416028F80F8D006950FB /* Project object */ = {
			isa = PBXProject;
			attributes = {
				BuildIndependentTargetsInParallel = 1;
				LastSwiftUpdateCheck = 1310;
				LastUpgradeCheck = 1310;
				TargetAttributes = {
					1044416728F80F8D006950FB = {
						CreatedOnToolsVersion = 13.1;
					};
				};
			};
			buildConfigurationList = 1044416328F80F8D006950FB /* Build configuration list for PBXProject "Today" */;
			compatibilityVersion = "Xcode 13.0";
			developmentRegion = en;
			hasScannedForEncodings = 0;
			knownRegions = (
				en,
				Base,
			);
			mainGroup = 1044415F28F80F8D006950FB;
			productRefGroup = 1044416928F80F8D006950FB /* Products */;
			projectDirPath = "";
			projectRoot = "";
			targets = (
				1044416728F80F8D006950FB /* Today */,
			);
		};
/* End PBXProject section */

/* Begin PBXResourcesBuildPhase section */
		1044416628F80F8D006950FB /* Resources */ = {
			isa = PBXResourcesBuildPhase;
			buildActionMask = 2147483647;
			files = (
				1044417828F80F8E006950FB /* LaunchScreen.storyboard in Resources */,
				1044417528F80F8E006950FB /* Assets.xcassets in Resources */,
				1044417328F80F8D006950FB /* Main.storyboard in Resources */,
			);
			runOnlyForDeploymentPostprocessing = 0;
		};
/* End PBXResourcesBuildPhase section */

/* Begin PBXSourcesBuildPhase section */
		1044416428F80F8D006950FB /* Sources */ = {
			isa = PBXSourcesBuildPhase;
			buildActionMask = 2147483647;
			files = (
				1044417028F80F8D006950FB /* ViewController.swift in Sources */,
				1044418E28F83F80006950FB /* Reminder.swift in Sources */,
				1044419428F84F9B006950FB /* ReminderListViewController+Actions.swift in Sources */,
				1044416C28F80F8D006950FB /* AppDelegate.swift in Sources */,
				1044419228F84F16006950FB /* ReminderDoneButton.swift in Sources */,
				1044418228F83E29006950FB /* ReminderListViewController.swift in Sources */,
				1044418B28F83F6F006950FB /* Date+Today.swift in Sources */,
				1044416E28F80F8D006950FB /* SceneDelegate.swift in Sources */,
				1044418928F83E9F006950FB /* ListViewController+DataSource.swift in Sources */,
				1044418F28F83F80006950FB /* UIColor+Today.swift in Sources */,
			);
			runOnlyForDeploymentPostprocessing = 0;
		};
/* End PBXSourcesBuildPhase section */

/* Begin PBXVariantGroup section */
		1044417128F80F8D006950FB /* Main.storyboard */ = {
			isa = PBXVariantGroup;
			children = (
				1044417228F80F8D006950FB /* Base */,
			);
			name = Main.storyboard;
			sourceTree = "<group>";
		};
		1044417628F80F8E006950FB /* LaunchScreen.storyboard */ = {
			isa = PBXVariantGroup;
			children = (
				1044417728F80F8E006950FB /* Base */,
			);
			name = LaunchScreen.storyboard;
			sourceTree = "<group>";
		};
/* End PBXVariantGroup section */

/* Begin XCBuildConfiguration section */
		1044417A28F80F8E006950FB /* Debug */ = {
			isa = XCBuildConfiguration;
			buildSettings = {
				ALWAYS_SEARCH_USER_PATHS = NO;
				CLANG_ANALYZER_NONNULL = YES;
				CLANG_ANALYZER_NUMBER_OBJECT_CONVERSION = YES_AGGRESSIVE;
				CLANG_CXX_LANGUAGE_STANDARD = "gnu++17";
				CLANG_CXX_LIBRARY = "libc++";
				CLANG_ENABLE_MODULES = YES;
				CLANG_ENABLE_OBJC_ARC = YES;
				CLANG_ENABLE_OBJC_WEAK = YES;
				CLANG_WARN_BLOCK_CAPTURE_AUTORELEASING = YES;
				CLANG_WARN_BOOL_CONVERSION = YES;
				CLANG_WARN_COMMA = YES;
				CLANG_WARN_CONSTANT_CONVERSION = YES;
				CLANG_WARN_DEPRECATED_OBJC_IMPLEMENTATIONS = YES;
				CLANG_WARN_DIRECT_OBJC_ISA_USAGE = YES_ERROR;
				CLANG_WARN_DOCUMENTATION_COMMENTS = YES;
				CLANG_WARN_EMPTY_BODY = YES;
				CLANG_WARN_ENUM_CONVERSION = YES;
				CLANG_WARN_INFINITE_RECURSION = YES;
				CLANG_WARN_INT_CONVERSION = YES;
				CLANG_WARN_NON_LITERAL_NULL_CONVERSION = YES;
				CLANG_WARN_OBJC_IMPLICIT_RETAIN_SELF = YES;
				CLANG_WARN_OBJC_LITERAL_CONVERSION = YES;
				CLANG_WARN_OBJC_ROOT_CLASS = YES_ERROR;
				CLANG_WARN_QUOTED_INCLUDE_IN_FRAMEWORK_HEADER = YES;
				CLANG_WARN_RANGE_LOOP_ANALYSIS = YES;
				CLANG_WARN_STRICT_PROTOTYPES = YES;
				CLANG_WARN_SUSPICIOUS_MOVE = YES;
				CLANG_WARN_UNGUARDED_AVAILABILITY = YES_AGGRESSIVE;
				CLANG_WARN_UNREACHABLE_CODE = YES;
				CLANG_WARN__DUPLICATE_METHOD_MATCH = YES;
				COPY_PHASE_STRIP = NO;
				DEBUG_INFORMATION_FORMAT = dwarf;
				ENABLE_STRICT_OBJC_MSGSEND = YES;
				ENABLE_TESTABILITY = YES;
				GCC_C_LANGUAGE_STANDARD = gnu11;
				GCC_DYNAMIC_NO_PIC = NO;
				GCC_NO_COMMON_BLOCKS = YES;
				GCC_OPTIMIZATION_LEVEL = 0;
				GCC_PREPROCESSOR_DEFINITIONS = (
					"DEBUG=1",
					"$(inherited)",
				);
				GCC_WARN_64_TO_32_BIT_CONVERSION = YES;
				GCC_WARN_ABOUT_RETURN_TYPE = YES_ERROR;
				GCC_WARN_UNDECLARED_SELECTOR = YES;
				GCC_WARN_UNINITIALIZED_AUTOS = YES_AGGRESSIVE;
				GCC_WARN_UNUSED_FUNCTION = YES;
				GCC_WARN_UNUSED_VARIABLE = YES;
				IPHONEOS_DEPLOYMENT_TARGET = 15.0;
				MTL_ENABLE_DEBUG_INFO = INCLUDE_SOURCE;
				MTL_FAST_MATH = YES;
				ONLY_ACTIVE_ARCH = YES;
				SDKROOT = iphoneos;
				SWIFT_ACTIVE_COMPILATION_CONDITIONS = DEBUG;
				SWIFT_OPTIMIZATION_LEVEL = "-Onone";
			};
			name = Debug;
		};
		1044417B28F80F8E006950FB /* Release */ = {
			isa = XCBuildConfiguration;
			buildSettings = {
				ALWAYS_SEARCH_USER_PATHS = NO;
				CLANG_ANALYZER_NONNULL = YES;
				CLANG_ANALYZER_NUMBER_OBJECT_CONVERSION = YES_AGGRESSIVE;
				CLANG_CXX_LANGUAGE_STANDARD = "gnu++17";
				CLANG_CXX_LIBRARY = "libc++";
				CLANG_ENABLE_MODULES = YES;
				CLANG_ENABLE_OBJC_ARC = YES;
				CLANG_ENABLE_OBJC_WEAK = YES;
				CLANG_WARN_BLOCK_CAPTURE_AUTORELEASING = YES;
				CLANG_WARN_BOOL_CONVERSION = YES;
				CLANG_WARN_COMMA = YES;
				CLANG_WARN_CONSTANT_CONVERSION = YES;
				CLANG_WARN_DEPRECATED_OBJC_IMPLEMENTATIONS = YES;
				CLANG_WARN_DIRECT_OBJC_ISA_USAGE = YES_ERROR;
				CLANG_WARN_DOCUMENTATION_COMMENTS = YES;
				CLANG_WARN_EMPTY_BODY = YES;
				CLANG_WARN_ENUM_CONVERSION = YES;
				CLANG_WARN_INFINITE_RECURSION = YES;
				CLANG_WARN_INT_CONVERSION = YES;
				CLANG_WARN_NON_LITERAL_NULL_CONVERSION = YES;
				CLANG_WARN_OBJC_IMPLICIT_RETAIN_SELF = YES;
				CLANG_WARN_OBJC_LITERAL_CONVERSION = YES;
				CLANG_WARN_OBJC_ROOT_CLASS = YES_ERROR;
				CLANG_WARN_QUOTED_INCLUDE_IN_FRAMEWORK_HEADER = YES;
				CLANG_WARN_RANGE_LOOP_ANALYSIS = YES;
				CLANG_WARN_STRICT_PROTOTYPES = YES;
				CLANG_WARN_SUSPICIOUS_MOVE = YES;
				CLANG_WARN_UNGUARDED_AVAILABILITY = YES_AGGRESSIVE;
				CLANG_WARN_UNREACHABLE_CODE = YES;
				CLANG_WARN__DUPLICATE_METHOD_MATCH = YES;
				COPY_PHASE_STRIP = NO;
				DEBUG_INFORMATION_FORMAT = "dwarf-with-dsym";
				ENABLE_NS_ASSERTIONS = NO;
				ENABLE_STRICT_OBJC_MSGSEND = YES;
				GCC_C_LANGUAGE_STANDARD = gnu11;
				GCC_NO_COMMON_BLOCKS = YES;
				GCC_WARN_64_TO_32_BIT_CONVERSION = YES;
				GCC_WARN_ABOUT_RETURN_TYPE = YES_ERROR;
				GCC_WARN_UNDECLARED_SELECTOR = YES;
				GCC_WARN_UNINITIALIZED_AUTOS = YES_AGGRESSIVE;
				GCC_WARN_UNUSED_FUNCTION = YES;
				GCC_WARN_UNUSED_VARIABLE = YES;
				IPHONEOS_DEPLOYMENT_TARGET = 15.0;
				MTL_ENABLE_DEBUG_INFO = NO;
				MTL_FAST_MATH = YES;
				SDKROOT = iphoneos;
				SWIFT_COMPILATION_MODE = wholemodule;
				SWIFT_OPTIMIZATION_LEVEL = "-O";
				VALIDATE_PRODUCT = YES;
			};
			name = Release;
		};
		1044417D28F80F8E006950FB /* Debug */ = {
			isa = XCBuildConfiguration;
			buildSettings = {
				ASSETCATALOG_COMPILER_APPICON_NAME = AppIcon;
				ASSETCATALOG_COMPILER_GLOBAL_ACCENT_COLOR_NAME = AccentColor;
				CODE_SIGN_STYLE = Automatic;
				CURRENT_PROJECT_VERSION = 1;
				GENERATE_INFOPLIST_FILE = YES;
				INFOPLIST_FILE = Today/Info.plist;
				INFOPLIST_KEY_UIApplicationSupportsIndirectInputEvents = YES;
				INFOPLIST_KEY_UILaunchStoryboardName = LaunchScreen;
				INFOPLIST_KEY_UIMainStoryboardFile = Main;
				INFOPLIST_KEY_UISupportedInterfaceOrientations_iPad = "UIInterfaceOrientationPortrait UIInterfaceOrientationPortraitUpsideDown UIInterfaceOrientationLandscapeLeft UIInterfaceOrientationLandscapeRight";
				INFOPLIST_KEY_UISupportedInterfaceOrientations_iPhone = "UIInterfaceOrientationPortrait UIInterfaceOrientationLandscapeLeft UIInterfaceOrientationLandscapeRight";
				LD_RUNPATH_SEARCH_PATHS = (
					"$(inherited)",
					"@executable_path/Frameworks",
				);
				MARKETING_VERSION = 1.0;
				PRODUCT_BUNDLE_IDENTIFIER = com.hyeji.Today;
				PRODUCT_NAME = "$(TARGET_NAME)";
				SWIFT_EMIT_LOC_STRINGS = YES;
				SWIFT_VERSION = 5.0;
				TARGETED_DEVICE_FAMILY = 1;
			};
			name = Debug;
		};
		1044417E28F80F8E006950FB /* Release */ = {
			isa = XCBuildConfiguration;
			buildSettings = {
				ASSETCATALOG_COMPILER_APPICON_NAME = AppIcon;
				ASSETCATALOG_COMPILER_GLOBAL_ACCENT_COLOR_NAME = AccentColor;
				CODE_SIGN_STYLE = Automatic;
				CURRENT_PROJECT_VERSION = 1;
				GENERATE_INFOPLIST_FILE = YES;
				INFOPLIST_FILE = Today/Info.plist;
				INFOPLIST_KEY_UIApplicationSupportsIndirectInputEvents = YES;
				INFOPLIST_KEY_UILaunchStoryboardName = LaunchScreen;
				INFOPLIST_KEY_UIMainStoryboardFile = Main;
				INFOPLIST_KEY_UISupportedInterfaceOrientations_iPad = "UIInterfaceOrientationPortrait UIInterfaceOrientationPortraitUpsideDown UIInterfaceOrientationLandscapeLeft UIInterfaceOrientationLandscapeRight";
				INFOPLIST_KEY_UISupportedInterfaceOrientations_iPhone = "UIInterfaceOrientationPortrait UIInterfaceOrientationLandscapeLeft UIInterfaceOrientationLandscapeRight";
				LD_RUNPATH_SEARCH_PATHS = (
					"$(inherited)",
					"@executable_path/Frameworks",
				);
				MARKETING_VERSION = 1.0;
				PRODUCT_BUNDLE_IDENTIFIER = com.hyeji.Today;
				PRODUCT_NAME = "$(TARGET_NAME)";
				SWIFT_EMIT_LOC_STRINGS = YES;
				SWIFT_VERSION = 5.0;
				TARGETED_DEVICE_FAMILY = 1;
			};
			name = Release;
		};
/* End XCBuildConfiguration section */

/* Begin XCConfigurationList section */
		1044416328F80F8D006950FB /* Build configuration list for PBXProject "Today" */ = {
			isa = XCConfigurationList;
			buildConfigurations = (
				1044417A28F80F8E006950FB /* Debug */,
				1044417B28F80F8E006950FB /* Release */,
			);
			defaultConfigurationIsVisible = 0;
			defaultConfigurationName = Release;
		};
		1044417C28F80F8E006950FB /* Build configuration list for PBXNativeTarget "Today" */ = {
			isa = XCConfigurationList;
			buildConfigurations = (
				1044417D28F80F8E006950FB /* Debug */,
				1044417E28F80F8E006950FB /* Release */,
			);
			defaultConfigurationIsVisible = 0;
			defaultConfigurationName = Release;
		};
/* End XCConfigurationList section */
	};
	rootObject = 1044416028F80F8D006950FB /* Project object */;
}
