// !$*UTF8*$!
{
	archiveVersion = 1;
	classes = {
	};
	objectVersion = 55;
	objects = {

/* Begin PBXBuildFile section */
		107718882810EF2F00CB121B /* AppDelegate.swift in Sources */ = {isa = PBXBuildFile; fileRef = 107718872810EF2F00CB121B /* AppDelegate.swift */; };
		1077188A2810EF2F00CB121B /* SceneDelegate.swift in Sources */ = {isa = PBXBuildFile; fileRef = 107718892810EF2F00CB121B /* SceneDelegate.swift */; };
		1077188C2810EF2F00CB121B /* ViewController.swift in Sources */ = {isa = PBXBuildFile; fileRef = 1077188B2810EF2F00CB121B /* ViewController.swift */; };
		1077188F2810EF2F00CB121B /* Main.storyboard in Resources */ = {isa = PBXBuildFile; fileRef = 1077188D2810EF2F00CB121B /* Main.storyboard */; };
		107718912810EF3100CB121B /* Assets.xcassets in Resources */ = {isa = PBXBuildFile; fileRef = 107718902810EF3100CB121B /* Assets.xcassets */; };
		107718942810EF3100CB121B /* LaunchScreen.storyboard in Resources */ = {isa = PBXBuildFile; fileRef = 107718922810EF3100CB121B /* LaunchScreen.storyboard */; };
		1077189C28111DFB00CB121B /* UIResponder+Utils.swift in Sources */ = {isa = PBXBuildFile; fileRef = 1077189B28111DFB00CB121B /* UIResponder+Utils.swift */; };
		107718A128128EDB00CB121B /* RoundAndShadowViewController.swift in Sources */ = {isa = PBXBuildFile; fileRef = 107718A028128EDB00CB121B /* RoundAndShadowViewController.swift */; };
		107718C82816B79200CB121B /* RAndSCollectionViewController.swift in Sources */ = {isa = PBXBuildFile; fileRef = 107718C72816B79200CB121B /* RAndSCollectionViewController.swift */; };
/* End PBXBuildFile section */

/* Begin PBXFileReference section */
		107718842810EF2F00CB121B /* KeyboardAndTextField.app */ = {isa = PBXFileReference; explicitFileType = wrapper.application; includeInIndex = 0; path = KeyboardAndTextField.app; sourceTree = BUILT_PRODUCTS_DIR; };
		107718872810EF2F00CB121B /* AppDelegate.swift */ = {isa = PBXFileReference; lastKnownFileType = sourcecode.swift; path = AppDelegate.swift; sourceTree = "<group>"; };
		107718892810EF2F00CB121B /* SceneDelegate.swift */ = {isa = PBXFileReference; lastKnownFileType = sourcecode.swift; path = SceneDelegate.swift; sourceTree = "<group>"; };
		1077188B2810EF2F00CB121B /* ViewController.swift */ = {isa = PBXFileReference; lastKnownFileType = sourcecode.swift; path = ViewController.swift; sourceTree = "<group>"; };
		1077188E2810EF2F00CB121B /* Base */ = {isa = PBXFileReference; lastKnownFileType = file.storyboard; name = Base; path = Base.lproj/Main.storyboard; sourceTree = "<group>"; };
		107718902810EF3100CB121B /* Assets.xcassets */ = {isa = PBXFileReference; lastKnownFileType = folder.assetcatalog; path = Assets.xcassets; sourceTree = "<group>"; };
		107718932810EF3100CB121B /* Base */ = {isa = PBXFileReference; lastKnownFileType = file.storyboard; name = Base; path = Base.lproj/LaunchScreen.storyboard; sourceTree = "<group>"; };
		107718952810EF3100CB121B /* Info.plist */ = {isa = PBXFileReference; lastKnownFileType = text.plist.xml; path = Info.plist; sourceTree = "<group>"; };
		1077189B28111DFB00CB121B /* UIResponder+Utils.swift */ = {isa = PBXFileReference; lastKnownFileType = sourcecode.swift; path = "UIResponder+Utils.swift"; sourceTree = "<group>"; };
		107718A028128EDB00CB121B /* RoundAndShadowViewController.swift */ = {isa = PBXFileReference; lastKnownFileType = sourcecode.swift; path = RoundAndShadowViewController.swift; sourceTree = "<group>"; };
		107718C72816B79200CB121B /* RAndSCollectionViewController.swift */ = {isa = PBXFileReference; lastKnownFileType = sourcecode.swift; path = RAndSCollectionViewController.swift; sourceTree = "<group>"; };
/* End PBXFileReference section */

/* Begin PBXFrameworksBuildPhase section */
		107718812810EF2F00CB121B /* Frameworks */ = {
			isa = PBXFrameworksBuildPhase;
			buildActionMask = 2147483647;
			files = (
			);
			runOnlyForDeploymentPostprocessing = 0;
		};
/* End PBXFrameworksBuildPhase section */

/* Begin PBXGroup section */
		1077187B2810EF2F00CB121B = {
			isa = PBXGroup;
			children = (
				107718862810EF2F00CB121B /* KeyboardAndTextField */,
				107718852810EF2F00CB121B /* Products */,
			);
			sourceTree = "<group>";
		};
		107718852810EF2F00CB121B /* Products */ = {
			isa = PBXGroup;
			children = (
				107718842810EF2F00CB121B /* KeyboardAndTextField.app */,
			);
			name = Products;
			sourceTree = "<group>";
		};
		107718862810EF2F00CB121B /* KeyboardAndTextField */ = {
			isa = PBXGroup;
			children = (
				107718872810EF2F00CB121B /* AppDelegate.swift */,
				107718892810EF2F00CB121B /* SceneDelegate.swift */,
				1077188B2810EF2F00CB121B /* ViewController.swift */,
				107718A028128EDB00CB121B /* RoundAndShadowViewController.swift */,
				107718C72816B79200CB121B /* RAndSCollectionViewController.swift */,
				1077188D2810EF2F00CB121B /* Main.storyboard */,
				107718902810EF3100CB121B /* Assets.xcassets */,
				107718922810EF3100CB121B /* LaunchScreen.storyboard */,
				107718952810EF3100CB121B /* Info.plist */,
				1077189B28111DFB00CB121B /* UIResponder+Utils.swift */,
			);
			path = KeyboardAndTextField;
			sourceTree = "<group>";
		};
/* End PBXGroup section */

/* Begin PBXNativeTarget section */
		107718832810EF2F00CB121B /* KeyboardAndTextField */ = {
			isa = PBXNativeTarget;
			buildConfigurationList = 107718982810EF3100CB121B /* Build configuration list for PBXNativeTarget "KeyboardAndTextField" */;
			buildPhases = (
				107718802810EF2F00CB121B /* Sources */,
				107718812810EF2F00CB121B /* Frameworks */,
				107718822810EF2F00CB121B /* Resources */,
			);
			buildRules = (
			);
			dependencies = (
			);
			name = KeyboardAndTextField;
			productName = KeyboardAndTextField;
			productReference = 107718842810EF2F00CB121B /* KeyboardAndTextField.app */;
			productType = "com.apple.product-type.application";
		};
/* End PBXNativeTarget section */

/* Begin PBXProject section */
		1077187C2810EF2F00CB121B /* Project object */ = {
			isa = PBXProject;
			attributes = {
				BuildIndependentTargetsInParallel = 1;
				LastSwiftUpdateCheck = 1310;
				LastUpgradeCheck = 1310;
				TargetAttributes = {
					107718832810EF2F00CB121B = {
						CreatedOnToolsVersion = 13.1;
					};
				};
			};
			buildConfigurationList = 1077187F2810EF2F00CB121B /* Build configuration list for PBXProject "KeyboardAndTextField" */;
			compatibilityVersion = "Xcode 13.0";
			developmentRegion = en;
			hasScannedForEncodings = 0;
			knownRegions = (
				en,
				Base,
			);
			mainGroup = 1077187B2810EF2F00CB121B;
			productRefGroup = 107718852810EF2F00CB121B /* Products */;
			projectDirPath = "";
			projectRoot = "";
			targets = (
				107718832810EF2F00CB121B /* KeyboardAndTextField */,
			);
		};
/* End PBXProject section */

/* Begin PBXResourcesBuildPhase section */
		107718822810EF2F00CB121B /* Resources */ = {
			isa = PBXResourcesBuildPhase;
			buildActionMask = 2147483647;
			files = (
				107718942810EF3100CB121B /* LaunchScreen.storyboard in Resources */,
				107718912810EF3100CB121B /* Assets.xcassets in Resources */,
				1077188F2810EF2F00CB121B /* Main.storyboard in Resources */,
			);
			runOnlyForDeploymentPostprocessing = 0;
		};
/* End PBXResourcesBuildPhase section */

/* Begin PBXSourcesBuildPhase section */
		107718802810EF2F00CB121B /* Sources */ = {
			isa = PBXSourcesBuildPhase;
			buildActionMask = 2147483647;
			files = (
				1077188C2810EF2F00CB121B /* ViewController.swift in Sources */,
				107718A128128EDB00CB121B /* RoundAndShadowViewController.swift in Sources */,
				107718882810EF2F00CB121B /* AppDelegate.swift in Sources */,
				107718C82816B79200CB121B /* RAndSCollectionViewController.swift in Sources */,
				1077189C28111DFB00CB121B /* UIResponder+Utils.swift in Sources */,
				1077188A2810EF2F00CB121B /* SceneDelegate.swift in Sources */,
			);
			runOnlyForDeploymentPostprocessing = 0;
		};
/* End PBXSourcesBuildPhase section */

/* Begin PBXVariantGroup section */
		1077188D2810EF2F00CB121B /* Main.storyboard */ = {
			isa = PBXVariantGroup;
			children = (
				1077188E2810EF2F00CB121B /* Base */,
			);
			name = Main.storyboard;
			sourceTree = "<group>";
		};
		107718922810EF3100CB121B /* LaunchScreen.storyboard */ = {
			isa = PBXVariantGroup;
			children = (
				107718932810EF3100CB121B /* Base */,
			);
			name = LaunchScreen.storyboard;
			sourceTree = "<group>";
		};
/* End PBXVariantGroup section */

/* Begin XCBuildConfiguration section */
		107718962810EF3100CB121B /* Debug */ = {
			isa = XCBuildConfiguration;
			buildSettings = {
				ALWAYS_SEARCH_USER_PATHS = NO;
				CLANG_ANALYZER_NONNULL = YES;
				CLANG_ANALYZER_NUMBER_OBJECT_CONVERSION = YES_AGGRESSIVE;
				CLANG_CXX_LANGUAGE_STANDARD = "gnu++17";
				CLANG_CXX_LIBRARY = "libc++";
				CLANG_ENABLE_MODULES = YES;
				CLANG_ENABLE_OBJC_ARC = YES;
				CLANG_ENABLE_OBJC_WEAK = YES;
				CLANG_WARN_BLOCK_CAPTURE_AUTORELEASING = YES;
				CLANG_WARN_BOOL_CONVERSION = YES;
				CLANG_WARN_COMMA = YES;
				CLANG_WARN_CONSTANT_CONVERSION = YES;
				CLANG_WARN_DEPRECATED_OBJC_IMPLEMENTATIONS = YES;
				CLANG_WARN_DIRECT_OBJC_ISA_USAGE = YES_ERROR;
				CLANG_WARN_DOCUMENTATION_COMMENTS = YES;
				CLANG_WARN_EMPTY_BODY = YES;
				CLANG_WARN_ENUM_CONVERSION = YES;
				CLANG_WARN_INFINITE_RECURSION = YES;
				CLANG_WARN_INT_CONVERSION = YES;
				CLANG_WARN_NON_LITERAL_NULL_CONVERSION = YES;
				CLANG_WARN_OBJC_IMPLICIT_RETAIN_SELF = YES;
				CLANG_WARN_OBJC_LITERAL_CONVERSION = YES;
				CLANG_WARN_OBJC_ROOT_CLASS = YES_ERROR;
				CLANG_WARN_QUOTED_INCLUDE_IN_FRAMEWORK_HEADER = YES;
				CLANG_WARN_RANGE_LOOP_ANALYSIS = YES;
				CLANG_WARN_STRICT_PROTOTYPES = YES;
				CLANG_WARN_SUSPICIOUS_MOVE = YES;
				CLANG_WARN_UNGUARDED_AVAILABILITY = YES_AGGRESSIVE;
				CLANG_WARN_UNREACHABLE_CODE = YES;
				CLANG_WARN__DUPLICATE_METHOD_MATCH = YES;
				COPY_PHASE_STRIP = NO;
				DEBUG_INFORMATION_FORMAT = dwarf;
				ENABLE_STRICT_OBJC_MSGSEND = YES;
				ENABLE_TESTABILITY = YES;
				GCC_C_LANGUAGE_STANDARD = gnu11;
				GCC_DYNAMIC_NO_PIC = NO;
				GCC_NO_COMMON_BLOCKS = YES;
				GCC_OPTIMIZATION_LEVEL = 0;
				GCC_PREPROCESSOR_DEFINITIONS = (
					"DEBUG=1",
					"$(inherited)",
				);
				GCC_WARN_64_TO_32_BIT_CONVERSION = YES;
				GCC_WARN_ABOUT_RETURN_TYPE = YES_ERROR;
				GCC_WARN_UNDECLARED_SELECTOR = YES;
				GCC_WARN_UNINITIALIZED_AUTOS = YES_AGGRESSIVE;
				GCC_WARN_UNUSED_FUNCTION = YES;
				GCC_WARN_UNUSED_VARIABLE = YES;
				IPHONEOS_DEPLOYMENT_TARGET = 15.0;
				MTL_ENABLE_DEBUG_INFO = INCLUDE_SOURCE;
				MTL_FAST_MATH = YES;
				ONLY_ACTIVE_ARCH = YES;
				SDKROOT = iphoneos;
				SWIFT_ACTIVE_COMPILATION_CONDITIONS = DEBUG;
				SWIFT_OPTIMIZATION_LEVEL = "-Onone";
			};
			name = Debug;
		};
		107718972810EF3100CB121B /* Release */ = {
			isa = XCBuildConfiguration;
			buildSettings = {
				ALWAYS_SEARCH_USER_PATHS = NO;
				CLANG_ANALYZER_NONNULL = YES;
				CLANG_ANALYZER_NUMBER_OBJECT_CONVERSION = YES_AGGRESSIVE;
				CLANG_CXX_LANGUAGE_STANDARD = "gnu++17";
				CLANG_CXX_LIBRARY = "libc++";
				CLANG_ENABLE_MODULES = YES;
				CLANG_ENABLE_OBJC_ARC = YES;
				CLANG_ENABLE_OBJC_WEAK = YES;
				CLANG_WARN_BLOCK_CAPTURE_AUTORELEASING = YES;
				CLANG_WARN_BOOL_CONVERSION = YES;
				CLANG_WARN_COMMA = YES;
				CLANG_WARN_CONSTANT_CONVERSION = YES;
				CLANG_WARN_DEPRECATED_OBJC_IMPLEMENTATIONS = YES;
				CLANG_WARN_DIRECT_OBJC_ISA_USAGE = YES_ERROR;
				CLANG_WARN_DOCUMENTATION_COMMENTS = YES;
				CLANG_WARN_EMPTY_BODY = YES;
				CLANG_WARN_ENUM_CONVERSION = YES;
				CLANG_WARN_INFINITE_RECURSION = YES;
				CLANG_WARN_INT_CONVERSION = YES;
				CLANG_WARN_NON_LITERAL_NULL_CONVERSION = YES;
				CLANG_WARN_OBJC_IMPLICIT_RETAIN_SELF = YES;
				CLANG_WARN_OBJC_LITERAL_CONVERSION = YES;
				CLANG_WARN_OBJC_ROOT_CLASS = YES_ERROR;
				CLANG_WARN_QUOTED_INCLUDE_IN_FRAMEWORK_HEADER = YES;
				CLANG_WARN_RANGE_LOOP_ANALYSIS = YES;
				CLANG_WARN_STRICT_PROTOTYPES = YES;
				CLANG_WARN_SUSPICIOUS_MOVE = YES;
				CLANG_WARN_UNGUARDED_AVAILABILITY = YES_AGGRESSIVE;
				CLANG_WARN_UNREACHABLE_CODE = YES;
				CLANG_WARN__DUPLICATE_METHOD_MATCH = YES;
				COPY_PHASE_STRIP = NO;
				DEBUG_INFORMATION_FORMAT = "dwarf-with-dsym";
				ENABLE_NS_ASSERTIONS = NO;
				ENABLE_STRICT_OBJC_MSGSEND = YES;
				GCC_C_LANGUAGE_STANDARD = gnu11;
				GCC_NO_COMMON_BLOCKS = YES;
				GCC_WARN_64_TO_32_BIT_CONVERSION = YES;
				GCC_WARN_ABOUT_RETURN_TYPE = YES_ERROR;
				GCC_WARN_UNDECLARED_SELECTOR = YES;
				GCC_WARN_UNINITIALIZED_AUTOS = YES_AGGRESSIVE;
				GCC_WARN_UNUSED_FUNCTION = YES;
				GCC_WARN_UNUSED_VARIABLE = YES;
				IPHONEOS_DEPLOYMENT_TARGET = 15.0;
				MTL_ENABLE_DEBUG_INFO = NO;
				MTL_FAST_MATH = YES;
				SDKROOT = iphoneos;
				SWIFT_COMPILATION_MODE = wholemodule;
				SWIFT_OPTIMIZATION_LEVEL = "-O";
				VALIDATE_PRODUCT = YES;
			};
			name = Release;
		};
		107718992810EF3100CB121B /* Debug */ = {
			isa = XCBuildConfiguration;
			buildSettings = {
				ASSETCATALOG_COMPILER_APPICON_NAME = AppIcon;
				ASSETCATALOG_COMPILER_GLOBAL_ACCENT_COLOR_NAME = AccentColor;
				CODE_SIGN_STYLE = Automatic;
				CURRENT_PROJECT_VERSION = 1;
				GENERATE_INFOPLIST_FILE = YES;
				INFOPLIST_FILE = KeyboardAndTextField/Info.plist;
				INFOPLIST_KEY_UIApplicationSupportsIndirectInputEvents = YES;
				INFOPLIST_KEY_UILaunchStoryboardName = LaunchScreen;
				INFOPLIST_KEY_UIMainStoryboardFile = Main;
				INFOPLIST_KEY_UISupportedInterfaceOrientations_iPad = "UIInterfaceOrientationPortrait UIInterfaceOrientationPortraitUpsideDown UIInterfaceOrientationLandscapeLeft UIInterfaceOrientationLandscapeRight";
				INFOPLIST_KEY_UISupportedInterfaceOrientations_iPhone = "UIInterfaceOrientationPortrait UIInterfaceOrientationLandscapeLeft UIInterfaceOrientationLandscapeRight";
				LD_RUNPATH_SEARCH_PATHS = (
					"$(inherited)",
					"@executable_path/Frameworks",
				);
				MARKETING_VERSION = 1.0;
				PRODUCT_BUNDLE_IDENTIFIER = com.hyeji.KeyboardAndTextField;
				PRODUCT_NAME = "$(TARGET_NAME)";
				SWIFT_EMIT_LOC_STRINGS = YES;
				SWIFT_VERSION = 5.0;
				TARGETED_DEVICE_FAMILY = 1;
			};
			name = Debug;
		};
		1077189A2810EF3100CB121B /* Release */ = {
			isa = XCBuildConfiguration;
			buildSettings = {
				ASSETCATALOG_COMPILER_APPICON_NAME = AppIcon;
				ASSETCATALOG_COMPILER_GLOBAL_ACCENT_COLOR_NAME = AccentColor;
				CODE_SIGN_STYLE = Automatic;
				CURRENT_PROJECT_VERSION = 1;
				GENERATE_INFOPLIST_FILE = YES;
				INFOPLIST_FILE = KeyboardAndTextField/Info.plist;
				INFOPLIST_KEY_UIApplicationSupportsIndirectInputEvents = YES;
				INFOPLIST_KEY_UILaunchStoryboardName = LaunchScreen;
				INFOPLIST_KEY_UIMainStoryboardFile = Main;
				INFOPLIST_KEY_UISupportedInterfaceOrientations_iPad = "UIInterfaceOrientationPortrait UIInterfaceOrientationPortraitUpsideDown UIInterfaceOrientationLandscapeLeft UIInterfaceOrientationLandscapeRight";
				INFOPLIST_KEY_UISupportedInterfaceOrientations_iPhone = "UIInterfaceOrientationPortrait UIInterfaceOrientationLandscapeLeft UIInterfaceOrientationLandscapeRight";
				LD_RUNPATH_SEARCH_PATHS = (
					"$(inherited)",
					"@executable_path/Frameworks",
				);
				MARKETING_VERSION = 1.0;
				PRODUCT_BUNDLE_IDENTIFIER = com.hyeji.KeyboardAndTextField;
				PRODUCT_NAME = "$(TARGET_NAME)";
				SWIFT_EMIT_LOC_STRINGS = YES;
				SWIFT_VERSION = 5.0;
				TARGETED_DEVICE_FAMILY = 1;
			};
			name = Release;
		};
/* End XCBuildConfiguration section */

/* Begin XCConfigurationList section */
		1077187F2810EF2F00CB121B /* Build configuration list for PBXProject "KeyboardAndTextField" */ = {
			isa = XCConfigurationList;
			buildConfigurations = (
				107718962810EF3100CB121B /* Debug */,
				107718972810EF3100CB121B /* Release */,
			);
			defaultConfigurationIsVisible = 0;
			defaultConfigurationName = Release;
		};
		107718982810EF3100CB121B /* Build configuration list for PBXNativeTarget "KeyboardAndTextField" */ = {
			isa = XCConfigurationList;
			buildConfigurations = (
				107718992810EF3100CB121B /* Debug */,
				1077189A2810EF3100CB121B /* Release */,
			);
			defaultConfigurationIsVisible = 0;
			defaultConfigurationName = Release;
		};
/* End XCConfigurationList section */
	};
	rootObject = 1077187C2810EF2F00CB121B /* Project object */;
}
